
Microsoft Visual Studio Solution File, Format Version 12.00
# Visual Studio Version 17
VisualStudioVersion = 17.9.34728.123
MinimumVisualStudioVersion = 10.0.40219.1
Project("{9A19103F-16F7-4668-BE54-9A1E7A4F7556}") = "LABORATORIO1", "LABORATORIO1.csproj", "{C2DB3027-35C8-4EC8-9A4D-C81E9A9DFD3B}"
EndProject
Project("{9A19103F-16F7-4668-BE54-9A1E7A4F7556}") = "Laboratorio2", "..\Laboratorio2\Laboratorio2.csproj", "{E9873413-6727-4E2F-8939-516A1B8A8AA7}"
EndProject
Project("{FAE04EC0-301F-11D3-BF4B-00C04F79EFBC}") = "Laboratorio3", "..\Laboratorio3\Laboratorio3.csproj", "{650E4DF0-C8E6-4556-BF68-6510CA5D7A6B}"
EndProject
Global
	GlobalSection(SolutionConfigurationPlatforms) = preSolution
		Debug|Any CPU = Debug|Any CPU
		Release|Any CPU = Release|Any CPU
	EndGlobalSection
	GlobalSection(ProjectConfigurationPlatforms) = postSolution
		{C2DB3027-35C8-4EC8-9A4D-C81E9A9DFD3B}.Debug|Any CPU.ActiveCfg = Debug|Any CPU
		{C2DB3027-35C8-4EC8-9A4D-C81E9A9DFD3B}.Debug|Any CPU.Build.0 = Debug|Any CPU
		{C2DB3027-35C8-4EC8-9A4D-C81E9A9DFD3B}.Release|Any CPU.ActiveCfg = Release|Any CPU
		{C2DB3027-35C8-4EC8-9A4D-C81E9A9DFD3B}.Release|Any CPU.Build.0 = Release|Any CPU
		{E9873413-6727-4E2F-8939-516A1B8A8AA7}.Debug|Any CPU.ActiveCfg = Debug|Any CPU
		{E9873413-6727-4E2F-8939-516A1B8A8AA7}.Debug|Any CPU.Build.0 = Debug|Any CPU
		{E9873413-6727-4E2F-8939-516A1B8A8AA7}.Release|Any CPU.ActiveCfg = Release|Any CPU
		{E9873413-6727-4E2F-8939-516A1B8A8AA7}.Release|Any CPU.Build.0 = Release|Any CPU
		{650E4DF0-C8E6-4556-BF68-6510CA5D7A6B}.Debug|Any CPU.ActiveCfg = Debug|Any CPU
		{650E4DF0-C8E6-4556-BF68-6510CA5D7A6B}.Debug|Any CPU.Build.0 = Debug|Any CPU
		{650E4DF0-C8E6-4556-BF68-6510CA5D7A6B}.Release|Any CPU.ActiveCfg = Release|Any CPU
		{650E4DF0-C8E6-4556-BF68-6510CA5D7A6B}.Release|Any CPU.Build.0 = Release|Any CPU
	EndGlobalSection
	GlobalSection(SolutionProperties) = preSolution
		HideSolutionNode = FALSE
	EndGlobalSection
	GlobalSection(ExtensibilityGlobals) = postSolution
		SolutionGuid = {8E4675C3-393C-4560-9CF9-CF678BFA0583}
	EndGlobalSection
EndGlobal
